// !$*UTF8*$!
{
	archiveVersion = 1;
	classes = {
	};
	objectVersion = 50;
	objects = {

/* Begin PBXBuildFile section */
		0B5EE933246F076800064B95 /* BackgroundDecorationView.swift in Sources */ = {isa = PBXBuildFile; fileRef = 0B5EE932246F076800064B95 /* BackgroundDecorationView.swift */; };
		4C0F1E3822F4A4FB0059DB83 /* PhotosDataSource.swift in Sources */ = {isa = PBXBuildFile; fileRef = 4C0F1E3722F4A4FB0059DB83 /* PhotosDataSource.swift */; };
		4C0F1E3A22F4B5700059DB83 /* HeaderSupplementaryView.xib in Resources */ = {isa = PBXBuildFile; fileRef = 4C0F1E3922F4B5700059DB83 /* HeaderSupplementaryView.xib */; };
		4C0F1E3C22F4B5BE0059DB83 /* HeaderSupplementaryView.swift in Sources */ = {isa = PBXBuildFile; fileRef = 4C0F1E3B22F4B5BE0059DB83 /* HeaderSupplementaryView.swift */; };
		4C452DCE2481886100B650CA /* LayoutSelectionTableViewController.swift in Sources */ = {isa = PBXBuildFile; fileRef = 4C452DCD2481886100B650CA /* LayoutSelectionTableViewController.swift */; };
		4C478ECC22DE0D51007579BC /* AppDelegate.swift in Sources */ = {isa = PBXBuildFile; fileRef = 4C478ECB22DE0D51007579BC /* AppDelegate.swift */; };
		4C478ECE22DE0D51007579BC /* SceneDelegate.swift in Sources */ = {isa = PBXBuildFile; fileRef = 4C478ECD22DE0D51007579BC /* SceneDelegate.swift */; };
		4C478ED322DE0D51007579BC /* Main.storyboard in Resources */ = {isa = PBXBuildFile; fileRef = 4C478ED122DE0D51007579BC /* Main.storyboard */; };
		4C478ED522DE0D52007579BC /* Assets.xcassets in Resources */ = {isa = PBXBuildFile; fileRef = 4C478ED422DE0D52007579BC /* Assets.xcassets */; };
		4C478ED822DE0D52007579BC /* LaunchScreen.storyboard in Resources */ = {isa = PBXBuildFile; fileRef = 4C478ED622DE0D52007579BC /* LaunchScreen.storyboard */; };
		4C478EE022DE0DF6007579BC /* PhotosCollectionViewController.swift in Sources */ = {isa = PBXBuildFile; fileRef = 4C478EDF22DE0DF6007579BC /* PhotosCollectionViewController.swift */; };
		4C478EE622DE11CE007579BC /* Request.swift in Sources */ = {isa = PBXBuildFile; fileRef = 4C478EE522DE11CE007579BC /* Request.swift */; };
		4C478EE822DE11F0007579BC /* NetworkError.swift in Sources */ = {isa = PBXBuildFile; fileRef = 4C478EE722DE11F0007579BC /* NetworkError.swift */; };
		4C478EEA22DE11FC007579BC /* Networking.swift in Sources */ = {isa = PBXBuildFile; fileRef = 4C478EE922DE11FC007579BC /* Networking.swift */; };
		4C478EEC22DE120F007579BC /* URLSession+Networking.swift in Sources */ = {isa = PBXBuildFile; fileRef = 4C478EEB22DE120F007579BC /* URLSession+Networking.swift */; };
		4CB3B2A522DFBBAB0006F396 /* PhotoCell.swift in Sources */ = {isa = PBXBuildFile; fileRef = 4CB3B2A422DFBBAB0006F396 /* PhotoCell.swift */; };
		4CB3B2A722DFBBB30006F396 /* PhotoCell.xib in Resources */ = {isa = PBXBuildFile; fileRef = 4CB3B2A622DFBBB30006F396 /* PhotoCell.xib */; };
		4CB6B5B122DE63EA0084F3A3 /* PhotosRequest.swift in Sources */ = {isa = PBXBuildFile; fileRef = 4CB6B5B022DE63EA0084F3A3 /* PhotosRequest.swift */; };
		4CB6B5B422DE64FF0084F3A3 /* Photo.swift in Sources */ = {isa = PBXBuildFile; fileRef = 4CB6B5B322DE64FF0084F3A3 /* Photo.swift */; };
		D71BD2DEFB2F21E0F7837511 /* Pods_Photos.framework in Frameworks */ = {isa = PBXBuildFile; fileRef = 791B14CF1A8ED11831F4DD9C /* Pods_Photos.framework */; };
/* End PBXBuildFile section */

/* Begin PBXFileReference section */
		0B5EE932246F076800064B95 /* BackgroundDecorationView.swift */ = {isa = PBXFileReference; lastKnownFileType = sourcecode.swift; path = BackgroundDecorationView.swift; sourceTree = "<group>"; };
		4C0F1E3722F4A4FB0059DB83 /* PhotosDataSource.swift */ = {isa = PBXFileReference; lastKnownFileType = sourcecode.swift; path = PhotosDataSource.swift; sourceTree = "<group>"; };
		4C0F1E3922F4B5700059DB83 /* HeaderSupplementaryView.xib */ = {isa = PBXFileReference; lastKnownFileType = file.xib; path = HeaderSupplementaryView.xib; sourceTree = "<group>"; };
		4C0F1E3B22F4B5BE0059DB83 /* HeaderSupplementaryView.swift */ = {isa = PBXFileReference; lastKnownFileType = sourcecode.swift; path = HeaderSupplementaryView.swift; sourceTree = "<group>"; };
		4C452DCD2481886100B650CA /* LayoutSelectionTableViewController.swift */ = {isa = PBXFileReference; lastKnownFileType = sourcecode.swift; path = LayoutSelectionTableViewController.swift; sourceTree = "<group>"; };
		4C478EC822DE0D51007579BC /* Photos.app */ = {isa = PBXFileReference; explicitFileType = wrapper.application; includeInIndex = 0; path = Photos.app; sourceTree = BUILT_PRODUCTS_DIR; };
		4C478ECB22DE0D51007579BC /* AppDelegate.swift */ = {isa = PBXFileReference; lastKnownFileType = sourcecode.swift; path = AppDelegate.swift; sourceTree = "<group>"; };
		4C478ECD22DE0D51007579BC /* SceneDelegate.swift */ = {isa = PBXFileReference; lastKnownFileType = sourcecode.swift; path = SceneDelegate.swift; sourceTree = "<group>"; };
		4C478ED222DE0D51007579BC /* Base */ = {isa = PBXFileReference; lastKnownFileType = file.storyboard; name = Base; path = Base.lproj/Main.storyboard; sourceTree = "<group>"; };
		4C478ED422DE0D52007579BC /* Assets.xcassets */ = {isa = PBXFileReference; lastKnownFileType = folder.assetcatalog; path = Assets.xcassets; sourceTree = "<group>"; };
		4C478ED722DE0D52007579BC /* Base */ = {isa = PBXFileReference; lastKnownFileType = file.storyboard; name = Base; path = Base.lproj/LaunchScreen.storyboard; sourceTree = "<group>"; };
		4C478ED922DE0D52007579BC /* Info.plist */ = {isa = PBXFileReference; lastKnownFileType = text.plist.xml; path = Info.plist; sourceTree = "<group>"; };
		4C478EDF22DE0DF6007579BC /* PhotosCollectionViewController.swift */ = {isa = PBXFileReference; lastKnownFileType = sourcecode.swift; path = PhotosCollectionViewController.swift; sourceTree = "<group>"; };
		4C478EE522DE11CE007579BC /* Request.swift */ = {isa = PBXFileReference; lastKnownFileType = sourcecode.swift; path = Request.swift; sourceTree = "<group>"; };
		4C478EE722DE11F0007579BC /* NetworkError.swift */ = {isa = PBXFileReference; lastKnownFileType = sourcecode.swift; path = NetworkError.swift; sourceTree = "<group>"; };
		4C478EE922DE11FC007579BC /* Networking.swift */ = {isa = PBXFileReference; lastKnownFileType = sourcecode.swift; path = Networking.swift; sourceTree = "<group>"; };
		4C478EEB22DE120F007579BC /* URLSession+Networking.swift */ = {isa = PBXFileReference; lastKnownFileType = sourcecode.swift; path = "URLSession+Networking.swift"; sourceTree = "<group>"; };
		4CB3B2A422DFBBAB0006F396 /* PhotoCell.swift */ = {isa = PBXFileReference; lastKnownFileType = sourcecode.swift; path = PhotoCell.swift; sourceTree = "<group>"; };
		4CB3B2A622DFBBB30006F396 /* PhotoCell.xib */ = {isa = PBXFileReference; lastKnownFileType = file.xib; path = PhotoCell.xib; sourceTree = "<group>"; };
		4CB6B5B022DE63EA0084F3A3 /* PhotosRequest.swift */ = {isa = PBXFileReference; lastKnownFileType = sourcecode.swift; path = PhotosRequest.swift; sourceTree = "<group>"; };
		4CB6B5B322DE64FF0084F3A3 /* Photo.swift */ = {isa = PBXFileReference; lastKnownFileType = sourcecode.swift; path = Photo.swift; sourceTree = "<group>"; };
		54FC3D18BCB3DB3B1324F9D2 /* Pods-Photos.debug.xcconfig */ = {isa = PBXFileReference; includeInIndex = 1; lastKnownFileType = text.xcconfig; name = "Pods-Photos.debug.xcconfig"; path = "Target Support Files/Pods-Photos/Pods-Photos.debug.xcconfig"; sourceTree = "<group>"; };
		66A81D38C7CA8B454FC706BC /* Pods-Photos.release.xcconfig */ = {isa = PBXFileReference; includeInIndex = 1; lastKnownFileType = text.xcconfig; name = "Pods-Photos.release.xcconfig"; path = "Target Support Files/Pods-Photos/Pods-Photos.release.xcconfig"; sourceTree = "<group>"; };
		791B14CF1A8ED11831F4DD9C /* Pods_Photos.framework */ = {isa = PBXFileReference; explicitFileType = wrapper.framework; includeInIndex = 0; path = Pods_Photos.framework; sourceTree = BUILT_PRODUCTS_DIR; };
/* End PBXFileReference section */

/* Begin PBXFrameworksBuildPhase section */
		4C478EC522DE0D51007579BC /* Frameworks */ = {
			isa = PBXFrameworksBuildPhase;
			buildActionMask = 2147483647;
			files = (
				D71BD2DEFB2F21E0F7837511 /* Pods_Photos.framework in Frameworks */,
			);
			runOnlyForDeploymentPostprocessing = 0;
		};
/* End PBXFrameworksBuildPhase section */

/* Begin PBXGroup section */
		4C452DCC2481885200B650CA /* Layout Selection */ = {
			isa = PBXGroup;
			children = (
				4C452DCD2481886100B650CA /* LayoutSelectionTableViewController.swift */,
			);
			path = "Layout Selection";
			sourceTree = "<group>";
		};
		4C478EBF22DE0D51007579BC = {
			isa = PBXGroup;
			children = (
				4C478ECA22DE0D51007579BC /* Photos */,
				4C478EC922DE0D51007579BC /* Products */,
				DD761DF4917EEF8451E3F7E0 /* Pods */,
				920D52246AC3718C9ECF35F0 /* Frameworks */,
			);
			sourceTree = "<group>";
		};
		4C478EC922DE0D51007579BC /* Products */ = {
			isa = PBXGroup;
			children = (
				4C478EC822DE0D51007579BC /* Photos.app */,
			);
			name = Products;
			sourceTree = "<group>";
		};
		4C478ECA22DE0D51007579BC /* Photos */ = {
			isa = PBXGroup;
			children = (
				4C452DCC2481885200B650CA /* Layout Selection */,
				4CB6B5B222DE64F80084F3A3 /* Models */,
				4C478EE422DE11B4007579BC /* Networking */,
				4C478ECB22DE0D51007579BC /* AppDelegate.swift */,
				4C478ECD22DE0D51007579BC /* SceneDelegate.swift */,
				4C478ED122DE0D51007579BC /* Main.storyboard */,
				4CB3B2A322DFBB8A0006F396 /* Photos List */,
				4CB6B5AF22DE61EF0084F3A3 /* Supporting Files */,
			);
			path = Photos;
			sourceTree = "<group>";
		};
		4C478EE422DE11B4007579BC /* Networking */ = {
			isa = PBXGroup;
			children = (
				4C478EE522DE11CE007579BC /* Request.swift */,
				4C478EE722DE11F0007579BC /* NetworkError.swift */,
				4C478EE922DE11FC007579BC /* Networking.swift */,
				4C478EEB22DE120F007579BC /* URLSession+Networking.swift */,
				4CB6B5B022DE63EA0084F3A3 /* PhotosRequest.swift */,
			);
			path = Networking;
			sourceTree = "<group>";
		};
		4CB3B2A322DFBB8A0006F396 /* Photos List */ = {
			isa = PBXGroup;
			children = (
				4C478EDF22DE0DF6007579BC /* PhotosCollectionViewController.swift */,
				4CB3B2A422DFBBAB0006F396 /* PhotoCell.swift */,
				4CB3B2A622DFBBB30006F396 /* PhotoCell.xib */,
				4C0F1E3722F4A4FB0059DB83 /* PhotosDataSource.swift */,
				4C0F1E3B22F4B5BE0059DB83 /* HeaderSupplementaryView.swift */,
				0B5EE932246F076800064B95 /* BackgroundDecorationView.swift */,
				4C0F1E3922F4B5700059DB83 /* HeaderSupplementaryView.xib */,
			);
			path = "Photos List";
			sourceTree = "<group>";
		};
		4CB6B5AF22DE61EF0084F3A3 /* Supporting Files */ = {
			isa = PBXGroup;
			children = (
				4C478ED922DE0D52007579BC /* Info.plist */,
				4C478ED422DE0D52007579BC /* Assets.xcassets */,
				4C478ED622DE0D52007579BC /* LaunchScreen.storyboard */,
			);
			name = "Supporting Files";
			sourceTree = "<group>";
		};
		4CB6B5B222DE64F80084F3A3 /* Models */ = {
			isa = PBXGroup;
			children = (
				4CB6B5B322DE64FF0084F3A3 /* Photo.swift */,
			);
			path = Models;
			sourceTree = "<group>";
		};
		920D52246AC3718C9ECF35F0 /* Frameworks */ = {
			isa = PBXGroup;
			children = (
				791B14CF1A8ED11831F4DD9C /* Pods_Photos.framework */,
			);
			name = Frameworks;
			sourceTree = "<group>";
		};
		DD761DF4917EEF8451E3F7E0 /* Pods */ = {
			isa = PBXGroup;
			children = (
				54FC3D18BCB3DB3B1324F9D2 /* Pods-Photos.debug.xcconfig */,
				66A81D38C7CA8B454FC706BC /* Pods-Photos.release.xcconfig */,
			);
			path = Pods;
			sourceTree = "<group>";
		};
/* End PBXGroup section */

/* Begin PBXNativeTarget section */
		4C478EC722DE0D51007579BC /* Photos */ = {
			isa = PBXNativeTarget;
			buildConfigurationList = 4C478EDC22DE0D52007579BC /* Build configuration list for PBXNativeTarget "Photos" */;
			buildPhases = (
				56F668DDF441C151C24D5879 /* [CP] Check Pods Manifest.lock */,
				4C478EC422DE0D51007579BC /* Sources */,
				4C478EC522DE0D51007579BC /* Frameworks */,
				4C478EC622DE0D51007579BC /* Resources */,
				C6623067449151207CB0FA53 /* [CP] Embed Pods Frameworks */,
			);
			buildRules = (
			);
			dependencies = (
			);
			name = Photos;
			productName = Photos;
			productReference = 4C478EC822DE0D51007579BC /* Photos.app */;
			productType = "com.apple.product-type.application";
		};
/* End PBXNativeTarget section */

/* Begin PBXProject section */
		4C478EC022DE0D51007579BC /* Project object */ = {
			isa = PBXProject;
			attributes = {
				LastSwiftUpdateCheck = 1100;
				LastUpgradeCheck = 1100;
				ORGANIZATIONNAME = Lickability;
				TargetAttributes = {
					4C478EC722DE0D51007579BC = {
						CreatedOnToolsVersion = 11.0;
					};
				};
			};
			buildConfigurationList = 4C478EC322DE0D51007579BC /* Build configuration list for PBXProject "Photos" */;
			compatibilityVersion = "Xcode 9.3";
			developmentRegion = en;
			hasScannedForEncodings = 0;
			knownRegions = (
				en,
				Base,
			);
			mainGroup = 4C478EBF22DE0D51007579BC;
			productRefGroup = 4C478EC922DE0D51007579BC /* Products */;
			projectDirPath = "";
			projectRoot = "";
			targets = (
				4C478EC722DE0D51007579BC /* Photos */,
			);
		};
/* End PBXProject section */

/* Begin PBXResourcesBuildPhase section */
		4C478EC622DE0D51007579BC /* Resources */ = {
			isa = PBXResourcesBuildPhase;
			buildActionMask = 2147483647;
			files = (
				4CB3B2A722DFBBB30006F396 /* PhotoCell.xib in Resources */,
				4C478ED822DE0D52007579BC /* LaunchScreen.storyboard in Resources */,
				4C478ED522DE0D52007579BC /* Assets.xcassets in Resources */,
				4C0F1E3A22F4B5700059DB83 /* HeaderSupplementaryView.xib in Resources */,
				4C478ED322DE0D51007579BC /* Main.storyboard in Resources */,
			);
			runOnlyForDeploymentPostprocessing = 0;
		};
/* End PBXResourcesBuildPhase section */

/* Begin PBXShellScriptBuildPhase section */
		56F668DDF441C151C24D5879 /* [CP] Check Pods Manifest.lock */ = {
			isa = PBXShellScriptBuildPhase;
			buildActionMask = 2147483647;
			files = (
			);
			inputFileListPaths = (
			);
			inputPaths = (
				"${PODS_PODFILE_DIR_PATH}/Podfile.lock",
				"${PODS_ROOT}/Manifest.lock",
			);
			name = "[CP] Check Pods Manifest.lock";
			outputFileListPaths = (
			);
			outputPaths = (
				"$(DERIVED_FILE_DIR)/Pods-Photos-checkManifestLockResult.txt",
			);
			runOnlyForDeploymentPostprocessing = 0;
			shellPath = /bin/sh;
			shellScript = "diff \"${PODS_PODFILE_DIR_PATH}/Podfile.lock\" \"${PODS_ROOT}/Manifest.lock\" > /dev/null\nif [ $? != 0 ] ; then\n    # print error to STDERR\n    echo \"error: The sandbox is not in sync with the Podfile.lock. Run 'pod install' or update your CocoaPods installation.\" >&2\n    exit 1\nfi\n# This output is used by Xcode 'outputs' to avoid re-running this script phase.\necho \"SUCCESS\" > \"${SCRIPT_OUTPUT_FILE_0}\"\n";
			showEnvVarsInLog = 0;
		};
		C6623067449151207CB0FA53 /* [CP] Embed Pods Frameworks */ = {
			isa = PBXShellScriptBuildPhase;
			buildActionMask = 2147483647;
			files = (
			);
			inputFileListPaths = (
			);
			inputPaths = (
				"${PODS_ROOT}/Target Support Files/Pods-Photos/Pods-Photos-frameworks.sh",
				"${BUILT_PRODUCTS_DIR}/Kingfisher/Kingfisher.framework",
			);
			name = "[CP] Embed Pods Frameworks";
			outputFileListPaths = (
			);
			outputPaths = (
				"${TARGET_BUILD_DIR}/${FRAMEWORKS_FOLDER_PATH}/Kingfisher.framework",
			);
			runOnlyForDeploymentPostprocessing = 0;
			shellPath = /bin/sh;
			shellScript = "\"${PODS_ROOT}/Target Support Files/Pods-Photos/Pods-Photos-frameworks.sh\"\n";
			showEnvVarsInLog = 0;
		};
/* End PBXShellScriptBuildPhase section */

/* Begin PBXSourcesBuildPhase section */
		4C478EC422DE0D51007579BC /* Sources */ = {
			isa = PBXSourcesBuildPhase;
			buildActionMask = 2147483647;
			files = (
				4C478EEC22DE120F007579BC /* URLSession+Networking.swift in Sources */,
				4C478EE022DE0DF6007579BC /* PhotosCollectionViewController.swift in Sources */,
				0B5EE933246F076800064B95 /* BackgroundDecorationView.swift in Sources */,
				4C478EE622DE11CE007579BC /* Request.swift in Sources */,
				4C452DCE2481886100B650CA /* LayoutSelectionTableViewController.swift in Sources */,
				4CB6B5B422DE64FF0084F3A3 /* Photo.swift in Sources */,
				4C478EE822DE11F0007579BC /* NetworkError.swift in Sources */,
				4C0F1E3C22F4B5BE0059DB83 /* HeaderSupplementaryView.swift in Sources */,
				4CB6B5B122DE63EA0084F3A3 /* PhotosRequest.swift in Sources */,
				4CB3B2A522DFBBAB0006F396 /* PhotoCell.swift in Sources */,
				4C0F1E3822F4A4FB0059DB83 /* PhotosDataSource.swift in Sources */,
				4C478ECC22DE0D51007579BC /* AppDelegate.swift in Sources */,
				4C478ECE22DE0D51007579BC /* SceneDelegate.swift in Sources */,
				4C478EEA22DE11FC007579BC /* Networking.swift in Sources */,
			);
			runOnlyForDeploymentPostprocessing = 0;
		};
/* End PBXSourcesBuildPhase section */

/* Begin PBXVariantGroup section */
		4C478ED122DE0D51007579BC /* Main.storyboard */ = {
			isa = PBXVariantGroup;
			children = (
				4C478ED222DE0D51007579BC /* Base */,
			);
			name = Main.storyboard;
			sourceTree = "<group>";
		};
		4C478ED622DE0D52007579BC /* LaunchScreen.storyboard */ = {
			isa = PBXVariantGroup;
			children = (
				4C478ED722DE0D52007579BC /* Base */,
			);
			name = LaunchScreen.storyboard;
			sourceTree = "<group>";
		};
/* End PBXVariantGroup section */

/* Begin XCBuildConfiguration section */
		4C478EDA22DE0D52007579BC /* Debug */ = {
			isa = XCBuildConfiguration;
			buildSettings = {
				ALWAYS_SEARCH_USER_PATHS = NO;
				CLANG_ANALYZER_NONNULL = YES;
				CLANG_ANALYZER_NUMBER_OBJECT_CONVERSION = YES_AGGRESSIVE;
				CLANG_CXX_LANGUAGE_STANDARD = "gnu++14";
				CLANG_CXX_LIBRARY = "libc++";
				CLANG_ENABLE_MODULES = YES;
				CLANG_ENABLE_OBJC_ARC = YES;
				CLANG_ENABLE_OBJC_WEAK = YES;
				CLANG_WARN_BLOCK_CAPTURE_AUTORELEASING = YES;
				CLANG_WARN_BOOL_CONVERSION = YES;
				CLANG_WARN_COMMA = YES;
				CLANG_WARN_CONSTANT_CONVERSION = YES;
				CLANG_WARN_DEPRECATED_OBJC_IMPLEMENTATIONS = YES;
				CLANG_WARN_DIRECT_OBJC_ISA_USAGE = YES_ERROR;
				CLANG_WARN_DOCUMENTATION_COMMENTS = YES;
				CLANG_WARN_EMPTY_BODY = YES;
				CLANG_WARN_ENUM_CONVERSION = YES;
				CLANG_WARN_INFINITE_RECURSION = YES;
				CLANG_WARN_INT_CONVERSION = YES;
				CLANG_WARN_NON_LITERAL_NULL_CONVERSION = YES;
				CLANG_WARN_OBJC_IMPLICIT_RETAIN_SELF = YES;
				CLANG_WARN_OBJC_LITERAL_CONVERSION = YES;
				CLANG_WARN_OBJC_ROOT_CLASS = YES_ERROR;
				CLANG_WARN_RANGE_LOOP_ANALYSIS = YES;
				CLANG_WARN_STRICT_PROTOTYPES = YES;
				CLANG_WARN_SUSPICIOUS_MOVE = YES;
				CLANG_WARN_UNGUARDED_AVAILABILITY = YES_AGGRESSIVE;
				CLANG_WARN_UNREACHABLE_CODE = YES;
				CLANG_WARN__DUPLICATE_METHOD_MATCH = YES;
				COPY_PHASE_STRIP = NO;
				DEBUG_INFORMATION_FORMAT = dwarf;
				ENABLE_STRICT_OBJC_MSGSEND = YES;
				ENABLE_TESTABILITY = YES;
				GCC_C_LANGUAGE_STANDARD = gnu11;
				GCC_DYNAMIC_NO_PIC = NO;
				GCC_NO_COMMON_BLOCKS = YES;
				GCC_OPTIMIZATION_LEVEL = 0;
				GCC_PREPROCESSOR_DEFINITIONS = (
					"DEBUG=1",
					"$(inherited)",
				);
				GCC_WARN_64_TO_32_BIT_CONVERSION = YES;
				GCC_WARN_ABOUT_RETURN_TYPE = YES_ERROR;
				GCC_WARN_UNDECLARED_SELECTOR = YES;
				GCC_WARN_UNINITIALIZED_AUTOS = YES_AGGRESSIVE;
				GCC_WARN_UNUSED_FUNCTION = YES;
				GCC_WARN_UNUSED_VARIABLE = YES;
				IPHONEOS_DEPLOYMENT_TARGET = 13.0;
				MTL_ENABLE_DEBUG_INFO = INCLUDE_SOURCE;
				MTL_FAST_MATH = YES;
				ONLY_ACTIVE_ARCH = YES;
				SDKROOT = iphoneos;
				SWIFT_ACTIVE_COMPILATION_CONDITIONS = DEBUG;
				SWIFT_OPTIMIZATION_LEVEL = "-Onone";
			};
			name = Debug;
		};
		4C478EDB22DE0D52007579BC /* Release */ = {
			isa = XCBuildConfiguration;
			buildSettings = {
				ALWAYS_SEARCH_USER_PATHS = NO;
				CLANG_ANALYZER_NONNULL = YES;
				CLANG_ANALYZER_NUMBER_OBJECT_CONVERSION = YES_AGGRESSIVE;
				CLANG_CXX_LANGUAGE_STANDARD = "gnu++14";
				CLANG_CXX_LIBRARY = "libc++";
				CLANG_ENABLE_MODULES = YES;
				CLANG_ENABLE_OBJC_ARC = YES;
				CLANG_ENABLE_OBJC_WEAK = YES;
				CLANG_WARN_BLOCK_CAPTURE_AUTORELEASING = YES;
				CLANG_WARN_BOOL_CONVERSION = YES;
				CLANG_WARN_COMMA = YES;
				CLANG_WARN_CONSTANT_CONVERSION = YES;
				CLANG_WARN_DEPRECATED_OBJC_IMPLEMENTATIONS = YES;
				CLANG_WARN_DIRECT_OBJC_ISA_USAGE = YES_ERROR;
				CLANG_WARN_DOCUMENTATION_COMMENTS = YES;
				CLANG_WARN_EMPTY_BODY = YES;
				CLANG_WARN_ENUM_CONVERSION = YES;
				CLANG_WARN_INFINITE_RECURSION = YES;
				CLANG_WARN_INT_CONVERSION = YES;
				CLANG_WARN_NON_LITERAL_NULL_CONVERSION = YES;
				CLANG_WARN_OBJC_IMPLICIT_RETAIN_SELF = YES;
				CLANG_WARN_OBJC_LITERAL_CONVERSION = YES;
				CLANG_WARN_OBJC_ROOT_CLASS = YES_ERROR;
				CLANG_WARN_RANGE_LOOP_ANALYSIS = YES;
				CLANG_WARN_STRICT_PROTOTYPES = YES;
				CLANG_WARN_SUSPICIOUS_MOVE = YES;
				CLANG_WARN_UNGUARDED_AVAILABILITY = YES_AGGRESSIVE;
				CLANG_WARN_UNREACHABLE_CODE = YES;
				CLANG_WARN__DUPLICATE_METHOD_MATCH = YES;
				COPY_PHASE_STRIP = NO;
				DEBUG_INFORMATION_FORMAT = "dwarf-with-dsym";
				ENABLE_NS_ASSERTIONS = NO;
				ENABLE_STRICT_OBJC_MSGSEND = YES;
				GCC_C_LANGUAGE_STANDARD = gnu11;
				GCC_NO_COMMON_BLOCKS = YES;
				GCC_WARN_64_TO_32_BIT_CONVERSION = YES;
				GCC_WARN_ABOUT_RETURN_TYPE = YES_ERROR;
				GCC_WARN_UNDECLARED_SELECTOR = YES;
				GCC_WARN_UNINITIALIZED_AUTOS = YES_AGGRESSIVE;
				GCC_WARN_UNUSED_FUNCTION = YES;
				GCC_WARN_UNUSED_VARIABLE = YES;
				IPHONEOS_DEPLOYMENT_TARGET = 13.0;
				MTL_ENABLE_DEBUG_INFO = NO;
				MTL_FAST_MATH = YES;
				SDKROOT = iphoneos;
				SWIFT_COMPILATION_MODE = wholemodule;
				SWIFT_OPTIMIZATION_LEVEL = "-O";
				VALIDATE_PRODUCT = YES;
			};
			name = Release;
		};
		4C478EDD22DE0D52007579BC /* Debug */ = {
			isa = XCBuildConfiguration;
			baseConfigurationReference = 54FC3D18BCB3DB3B1324F9D2 /* Pods-Photos.debug.xcconfig */;
			buildSettings = {
				ASSETCATALOG_COMPILER_APPICON_NAME = AppIcon;
				CODE_SIGN_STYLE = Automatic;
				DEVELOPMENT_TEAM = JL4AKR8DVC;
				INFOPLIST_FILE = Photos/Info.plist;
				LD_RUNPATH_SEARCH_PATHS = (
					"$(inherited)",
					"@executable_path/Frameworks",
				);
				PRODUCT_BUNDLE_IDENTIFIER = com.lickability.Photos;
				PRODUCT_NAME = "$(TARGET_NAME)";
				SWIFT_VERSION = 5.0;
				TARGETED_DEVICE_FAMILY = "1,2";
			};
			name = Debug;
		};
		4C478EDE22DE0D52007579BC /* Release */ = {
			isa = XCBuildConfiguration;
			baseConfigurationReference = 66A81D38C7CA8B454FC706BC /* Pods-Photos.release.xcconfig */;
			buildSettings = {
				ASSETCATALOG_COMPILER_APPICON_NAME = AppIcon;
				CODE_SIGN_STYLE = Automatic;
				DEVELOPMENT_TEAM = JL4AKR8DVC;
				INFOPLIST_FILE = Photos/Info.plist;
				LD_RUNPATH_SEARCH_PATHS = (
					"$(inherited)",
					"@executable_path/Frameworks",
				);
				PRODUCT_BUNDLE_IDENTIFIER = com.lickability.Photos;
				PRODUCT_NAME = "$(TARGET_NAME)";
				SWIFT_VERSION = 5.0;
				TARGETED_DEVICE_FAMILY = "1,2";
			};
			name = Release;
		};
/* End XCBuildConfiguration section */

/* Begin XCConfigurationList section */
		4C478EC322DE0D51007579BC /* Build configuration list for PBXProject "Photos" */ = {
			isa = XCConfigurationList;
			buildConfigurations = (
				4C478EDA22DE0D52007579BC /* Debug */,
				4C478EDB22DE0D52007579BC /* Release */,
			);
			defaultConfigurationIsVisible = 0;
			defaultConfigurationName = Release;
		};
		4C478EDC22DE0D52007579BC /* Build configuration list for PBXNativeTarget "Photos" */ = {
			isa = XCConfigurationList;
			buildConfigurations = (
				4C478EDD22DE0D52007579BC /* Debug */,
				4C478EDE22DE0D52007579BC /* Release */,
			);
			defaultConfigurationIsVisible = 0;
			defaultConfigurationName = Release;
		};
/* End XCConfigurationList section */
	};
	rootObject = 4C478EC022DE0D51007579BC /* Project object */;
}
